// !$*UTF8*$!
{
	archiveVersion = 1;
	classes = {
	};
	objectVersion = 50;
	objects = {

/* Begin PBXBuildFile section */
		27B12EC6254E204400792F7A /* AppDelegate.swift in Sources */ = {isa = PBXBuildFile; fileRef = 27B12EC5254E204400792F7A /* AppDelegate.swift */; };
		27B12EC8254E204400792F7A /* SceneDelegate.swift in Sources */ = {isa = PBXBuildFile; fileRef = 27B12EC7254E204400792F7A /* SceneDelegate.swift */; };
		27B12ECD254E204400792F7A /* Main.storyboard in Resources */ = {isa = PBXBuildFile; fileRef = 27B12ECB254E204400792F7A /* Main.storyboard */; };
		27B12ECF254E204500792F7A /* Assets.xcassets in Resources */ = {isa = PBXBuildFile; fileRef = 27B12ECE254E204500792F7A /* Assets.xcassets */; };
		27B12ED2254E204500792F7A /* LaunchScreen.storyboard in Resources */ = {isa = PBXBuildFile; fileRef = 27B12ED0254E204500792F7A /* LaunchScreen.storyboard */; };
		27B12EDA254E20CE00792F7A /* EmployeeListTableViewController.swift in Sources */ = {isa = PBXBuildFile; fileRef = 27B12ED9254E20CE00792F7A /* EmployeeListTableViewController.swift */; };
		27B12EDC254E210E00792F7A /* Employee.swift in Sources */ = {isa = PBXBuildFile; fileRef = 27B12EDB254E210E00792F7A /* Employee.swift */; };
		27B12EDE254E242100792F7A /* EmployeeDetailTableViewController.swift in Sources */ = {isa = PBXBuildFile; fileRef = 27B12EDD254E242100792F7A /* EmployeeDetailTableViewController.swift */; };
		27B12EE0254E2FA800792F7A /* EmployeeTypeTableViewController.swift in Sources */ = {isa = PBXBuildFile; fileRef = 27B12EDF254E2FA800792F7A /* EmployeeTypeTableViewController.swift */; };
/* End PBXBuildFile section */

/* Begin PBXFileReference section */
		27B12EC2254E204400792F7A /* EmployeeRosterTakeTwo.app */ = {isa = PBXFileReference; explicitFileType = wrapper.application; includeInIndex = 0; path = EmployeeRosterTakeTwo.app; sourceTree = BUILT_PRODUCTS_DIR; };
		27B12EC5254E204400792F7A /* AppDelegate.swift */ = {isa = PBXFileReference; lastKnownFileType = sourcecode.swift; path = AppDelegate.swift; sourceTree = "<group>"; };
		27B12EC7254E204400792F7A /* SceneDelegate.swift */ = {isa = PBXFileReference; lastKnownFileType = sourcecode.swift; path = SceneDelegate.swift; sourceTree = "<group>"; };
		27B12ECC254E204400792F7A /* Base */ = {isa = PBXFileReference; lastKnownFileType = file.storyboard; name = Base; path = Base.lproj/Main.storyboard; sourceTree = "<group>"; };
		27B12ECE254E204500792F7A /* Assets.xcassets */ = {isa = PBXFileReference; lastKnownFileType = folder.assetcatalog; path = Assets.xcassets; sourceTree = "<group>"; };
		27B12ED1254E204500792F7A /* Base */ = {isa = PBXFileReference; lastKnownFileType = file.storyboard; name = Base; path = Base.lproj/LaunchScreen.storyboard; sourceTree = "<group>"; };
		27B12ED3254E204500792F7A /* Info.plist */ = {isa = PBXFileReference; lastKnownFileType = text.plist.xml; path = Info.plist; sourceTree = "<group>"; };
		27B12ED9254E20CE00792F7A /* EmployeeListTableViewController.swift */ = {isa = PBXFileReference; lastKnownFileType = sourcecode.swift; path = EmployeeListTableViewController.swift; sourceTree = "<group>"; };
		27B12EDB254E210E00792F7A /* Employee.swift */ = {isa = PBXFileReference; lastKnownFileType = sourcecode.swift; path = Employee.swift; sourceTree = "<group>"; };
		27B12EDD254E242100792F7A /* EmployeeDetailTableViewController.swift */ = {isa = PBXFileReference; lastKnownFileType = sourcecode.swift; path = EmployeeDetailTableViewController.swift; sourceTree = "<group>"; };
		27B12EDF254E2FA800792F7A /* EmployeeTypeTableViewController.swift */ = {isa = PBXFileReference; lastKnownFileType = sourcecode.swift; path = EmployeeTypeTableViewController.swift; sourceTree = "<group>"; };
/* End PBXFileReference section */

/* Begin PBXFrameworksBuildPhase section */
		27B12EBF254E204400792F7A /* Frameworks */ = {
			isa = PBXFrameworksBuildPhase;
			buildActionMask = 2147483647;
			files = (
			);
			runOnlyForDeploymentPostprocessing = 0;
		};
/* End PBXFrameworksBuildPhase section */

/* Begin PBXGroup section */
		27B12EB9254E204400792F7A = {
			isa = PBXGroup;
			children = (
				27B12EC4254E204400792F7A /* EmployeeRosterTakeTwo */,
				27B12EC3254E204400792F7A /* Products */,
			);
			sourceTree = "<group>";
		};
		27B12EC3254E204400792F7A /* Products */ = {
			isa = PBXGroup;
			children = (
				27B12EC2254E204400792F7A /* EmployeeRosterTakeTwo.app */,
			);
			name = Products;
			sourceTree = "<group>";
		};
		27B12EC4254E204400792F7A /* EmployeeRosterTakeTwo */ = {
			isa = PBXGroup;
			children = (
				27B12ED9254E20CE00792F7A /* EmployeeListTableViewController.swift */,
				27B12EDD254E242100792F7A /* EmployeeDetailTableViewController.swift */,
				27B12EDF254E2FA800792F7A /* EmployeeTypeTableViewController.swift */,
				27B12EC5254E204400792F7A /* AppDelegate.swift */,
				27B12EC7254E204400792F7A /* SceneDelegate.swift */,
				27B12ECB254E204400792F7A /* Main.storyboard */,
				27B12EDB254E210E00792F7A /* Employee.swift */,
				27B12ECE254E204500792F7A /* Assets.xcassets */,
				27B12ED0254E204500792F7A /* LaunchScreen.storyboard */,
				27B12ED3254E204500792F7A /* Info.plist */,
			);
			path = EmployeeRosterTakeTwo;
			sourceTree = "<group>";
		};
/* End PBXGroup section */

/* Begin PBXNativeTarget section */
		27B12EC1254E204400792F7A /* EmployeeRosterTakeTwo */ = {
			isa = PBXNativeTarget;
			buildConfigurationList = 27B12ED6254E204500792F7A /* Build configuration list for PBXNativeTarget "EmployeeRosterTakeTwo" */;
			buildPhases = (
				27B12EBE254E204400792F7A /* Sources */,
				27B12EBF254E204400792F7A /* Frameworks */,
				27B12EC0254E204400792F7A /* Resources */,
			);
			buildRules = (
			);
			dependencies = (
			);
			name = EmployeeRosterTakeTwo;
			productName = EmployeeRosterTakeTwo;
			productReference = 27B12EC2254E204400792F7A /* EmployeeRosterTakeTwo.app */;
			productType = "com.apple.product-type.application";
		};
/* End PBXNativeTarget section */

/* Begin PBXProject section */
		27B12EBA254E204400792F7A /* Project object */ = {
			isa = PBXProject;
			attributes = {
				LastSwiftUpdateCheck = 1140;
				LastUpgradeCheck = 1140;
				ORGANIZATIONNAME = "Janusz Polowczyk";
				TargetAttributes = {
					27B12EC1254E204400792F7A = {
						CreatedOnToolsVersion = 11.4.1;
					};
				};
			};
			buildConfigurationList = 27B12EBD254E204400792F7A /* Build configuration list for PBXProject "EmployeeRosterTakeTwo" */;
			compatibilityVersion = "Xcode 9.3";
			developmentRegion = en;
			hasScannedForEncodings = 0;
			knownRegions = (
				en,
				Base,
			);
			mainGroup = 27B12EB9254E204400792F7A;
			productRefGroup = 27B12EC3254E204400792F7A /* Products */;
			projectDirPath = "";
			projectRoot = "";
			targets = (
				27B12EC1254E204400792F7A /* EmployeeRosterTakeTwo */,
			);
		};
/* End PBXProject section */

/* Begin PBXResourcesBuildPhase section */
		27B12EC0254E204400792F7A /* Resources */ = {
			isa = PBXResourcesBuildPhase;
			buildActionMask = 2147483647;
			files = (
				27B12ED2254E204500792F7A /* LaunchScreen.storyboard in Resources */,
				27B12ECF254E204500792F7A /* Assets.xcassets in Resources */,
				27B12ECD254E204400792F7A /* Main.storyboard in Resources */,
			);
			runOnlyForDeploymentPostprocessing = 0;
		};
/* End PBXResourcesBuildPhase section */

/* Begin PBXSourcesBuildPhase section */
		27B12EBE254E204400792F7A /* Sources */ = {
			isa = PBXSourcesBuildPhase;
			buildActionMask = 2147483647;
			files = (
				27B12EC6254E204400792F7A /* AppDelegate.swift in Sources */,
				27B12EE0254E2FA800792F7A /* EmployeeTypeTableViewController.swift in Sources */,
				27B12EDC254E210E00792F7A /* Employee.swift in Sources */,
				27B12EDE254E242100792F7A /* EmployeeDetailTableViewController.swift in Sources */,
				27B12EC8254E204400792F7A /* SceneDelegate.swift in Sources */,
				27B12EDA254E20CE00792F7A /* EmployeeListTableViewController.swift in Sources */,
			);
			runOnlyForDeploymentPostprocessing = 0;
		};
/* End PBXSourcesBuildPhase section */

/* Begin PBXVariantGroup section */
		27B12ECB254E204400792F7A /* Main.storyboard */ = {
			isa = PBXVariantGroup;
			children = (
				27B12ECC254E204400792F7A /* Base */,
			);
			name = Main.storyboard;
			sourceTree = "<group>";
		};
		27B12ED0254E204500792F7A /* LaunchScreen.storyboard */ = {
			isa = PBXVariantGroup;
			children = (
				27B12ED1254E204500792F7A /* Base */,
			);
			name = LaunchScreen.storyboard;
			sourceTree = "<group>";
		};
/* End PBXVariantGroup section */

/* Begin XCBuildConfiguration section */
		27B12ED4254E204500792F7A /* Debug */ = {
			isa = XCBuildConfiguration;
			buildSettings = {
				ALWAYS_SEARCH_USER_PATHS = NO;
				CLANG_ANALYZER_NONNULL = YES;
				CLANG_ANALYZER_NUMBER_OBJECT_CONVERSION = YES_AGGRESSIVE;
				CLANG_CXX_LANGUAGE_STANDARD = "gnu++14";
				CLANG_CXX_LIBRARY = "libc++";
				CLANG_ENABLE_MODULES = YES;
				CLANG_ENABLE_OBJC_ARC = YES;
				CLANG_ENABLE_OBJC_WEAK = YES;
				CLANG_WARN_BLOCK_CAPTURE_AUTORELEASING = YES;
				CLANG_WARN_BOOL_CONVERSION = YES;
				CLANG_WARN_COMMA = YES;
				CLANG_WARN_CONSTANT_CONVERSION = YES;
				CLANG_WARN_DEPRECATED_OBJC_IMPLEMENTATIONS = YES;
				CLANG_WARN_DIRECT_OBJC_ISA_USAGE = YES_ERROR;
				CLANG_WARN_DOCUMENTATION_COMMENTS = YES;
				CLANG_WARN_EMPTY_BODY = YES;
				CLANG_WARN_ENUM_CONVERSION = YES;
				CLANG_WARN_INFINITE_RECURSION = YES;
				CLANG_WARN_INT_CONVERSION = YES;
				CLANG_WARN_NON_LITERAL_NULL_CONVERSION = YES;
				CLANG_WARN_OBJC_IMPLICIT_RETAIN_SELF = YES;
				CLANG_WARN_OBJC_LITERAL_CONVERSION = YES;
				CLANG_WARN_OBJC_ROOT_CLASS = YES_ERROR;
				CLANG_WARN_RANGE_LOOP_ANALYSIS = YES;
				CLANG_WARN_STRICT_PROTOTYPES = YES;
				CLANG_WARN_SUSPICIOUS_MOVE = YES;
				CLANG_WARN_UNGUARDED_AVAILABILITY = YES_AGGRESSIVE;
				CLANG_WARN_UNREACHABLE_CODE = YES;
				CLANG_WARN__DUPLICATE_METHOD_MATCH = YES;
				COPY_PHASE_STRIP = NO;
				DEBUG_INFORMATION_FORMAT = dwarf;
				ENABLE_STRICT_OBJC_MSGSEND = YES;
				ENABLE_TESTABILITY = YES;
				GCC_C_LANGUAGE_STANDARD = gnu11;
				GCC_DYNAMIC_NO_PIC = NO;
				GCC_NO_COMMON_BLOCKS = YES;
				GCC_OPTIMIZATION_LEVEL = 0;
				GCC_PREPROCESSOR_DEFINITIONS = (
					"DEBUG=1",
					"$(inherited)",
				);
				GCC_WARN_64_TO_32_BIT_CONVERSION = YES;
				GCC_WARN_ABOUT_RETURN_TYPE = YES_ERROR;
				GCC_WARN_UNDECLARED_SELECTOR = YES;
				GCC_WARN_UNINITIALIZED_AUTOS = YES_AGGRESSIVE;
				GCC_WARN_UNUSED_FUNCTION = YES;
				GCC_WARN_UNUSED_VARIABLE = YES;
				IPHONEOS_DEPLOYMENT_TARGET = 13.4;
				MTL_ENABLE_DEBUG_INFO = INCLUDE_SOURCE;
				MTL_FAST_MATH = YES;
				ONLY_ACTIVE_ARCH = YES;
				SDKROOT = iphoneos;
				SWIFT_ACTIVE_COMPILATION_CONDITIONS = DEBUG;
				SWIFT_OPTIMIZATION_LEVEL = "-Onone";
			};
			name = Debug;
		};
		27B12ED5254E204500792F7A /* Release */ = {
			isa = XCBuildConfiguration;
			buildSettings = {
				ALWAYS_SEARCH_USER_PATHS = NO;
				CLANG_ANALYZER_NONNULL = YES;
				CLANG_ANALYZER_NUMBER_OBJECT_CONVERSION = YES_AGGRESSIVE;
				CLANG_CXX_LANGUAGE_STANDARD = "gnu++14";
				CLANG_CXX_LIBRARY = "libc++";
				CLANG_ENABLE_MODULES = YES;
				CLANG_ENABLE_OBJC_ARC = YES;
				CLANG_ENABLE_OBJC_WEAK = YES;
				CLANG_WARN_BLOCK_CAPTURE_AUTORELEASING = YES;
				CLANG_WARN_BOOL_CONVERSION = YES;
				CLANG_WARN_COMMA = YES;
				CLANG_WARN_CONSTANT_CONVERSION = YES;
				CLANG_WARN_DEPRECATED_OBJC_IMPLEMENTATIONS = YES;
				CLANG_WARN_DIRECT_OBJC_ISA_USAGE = YES_ERROR;
				CLANG_WARN_DOCUMENTATION_COMMENTS = YES;
				CLANG_WARN_EMPTY_BODY = YES;
				CLANG_WARN_ENUM_CONVERSION = YES;
				CLANG_WARN_INFINITE_RECURSION = YES;
				CLANG_WARN_INT_CONVERSION = YES;
				CLANG_WARN_NON_LITERAL_NULL_CONVERSION = YES;
				CLANG_WARN_OBJC_IMPLICIT_RETAIN_SELF = YES;
				CLANG_WARN_OBJC_LITERAL_CONVERSION = YES;
				CLANG_WARN_OBJC_ROOT_CLASS = YES_ERROR;
				CLANG_WARN_RANGE_LOOP_ANALYSIS = YES;
				CLANG_WARN_STRICT_PROTOTYPES = YES;
				CLANG_WARN_SUSPICIOUS_MOVE = YES;
				CLANG_WARN_UNGUARDED_AVAILABILITY = YES_AGGRESSIVE;
				CLANG_WARN_UNREACHABLE_CODE = YES;
				CLANG_WARN__DUPLICATE_METHOD_MATCH = YES;
				COPY_PHASE_STRIP = NO;
				DEBUG_INFORMATION_FORMAT = "dwarf-with-dsym";
				ENABLE_NS_ASSERTIONS = NO;
				ENABLE_STRICT_OBJC_MSGSEND = YES;
				GCC_C_LANGUAGE_STANDARD = gnu11;
				GCC_NO_COMMON_BLOCKS = YES;
				GCC_WARN_64_TO_32_BIT_CONVERSION = YES;
				GCC_WARN_ABOUT_RETURN_TYPE = YES_ERROR;
				GCC_WARN_UNDECLARED_SELECTOR = YES;
				GCC_WARN_UNINITIALIZED_AUTOS = YES_AGGRESSIVE;
				GCC_WARN_UNUSED_FUNCTION = YES;
				GCC_WARN_UNUSED_VARIABLE = YES;
				IPHONEOS_DEPLOYMENT_TARGET = 13.4;
				MTL_ENABLE_DEBUG_INFO = NO;
				MTL_FAST_MATH = YES;
				SDKROOT = iphoneos;
				SWIFT_COMPILATION_MODE = wholemodule;
				SWIFT_OPTIMIZATION_LEVEL = "-O";
				VALIDATE_PRODUCT = YES;
			};
			name = Release;
		};
		27B12ED7254E204500792F7A /* Debug */ = {
			isa = XCBuildConfiguration;
			buildSettings = {
				ASSETCATALOG_COMPILER_APPICON_NAME = AppIcon;
				CODE_SIGN_STYLE = Automatic;
				INFOPLIST_FILE = EmployeeRosterTakeTwo/Info.plist;
				LD_RUNPATH_SEARCH_PATHS = (
					"$(inherited)",
					"@executable_path/Frameworks",
				);
				PRODUCT_BUNDLE_IDENTIFIER = com.januszpolowczyk.EmployeeRosterTakeTwo;
				PRODUCT_NAME = "$(TARGET_NAME)";
				SWIFT_VERSION = 5.0;
				TARGETED_DEVICE_FAMILY = "1,2";
			};
			name = Debug;
		};
		27B12ED8254E204500792F7A /* Release */ = {
			isa = XCBuildConfiguration;
			buildSettings = {
				ASSETCATALOG_COMPILER_APPICON_NAME = AppIcon;
				CODE_SIGN_STYLE = Automatic;
				INFOPLIST_FILE = EmployeeRosterTakeTwo/Info.plist;
				LD_RUNPATH_SEARCH_PATHS = (
					"$(inherited)",
					"@executable_path/Frameworks",
				);
				PRODUCT_BUNDLE_IDENTIFIER = com.januszpolowczyk.EmployeeRosterTakeTwo;
				PRODUCT_NAME = "$(TARGET_NAME)";
				SWIFT_VERSION = 5.0;
				TARGETED_DEVICE_FAMILY = "1,2";
			};
			name = Release;
		};
/* End XCBuildConfiguration section */

/* Begin XCConfigurationList section */
		27B12EBD254E204400792F7A /* Build configuration list for PBXProject "EmployeeRosterTakeTwo" */ = {
			isa = XCConfigurationList;
			buildConfigurations = (
				27B12ED4254E204500792F7A /* Debug */,
				27B12ED5254E204500792F7A /* Release */,
			);
			defaultConfigurationIsVisible = 0;
			defaultConfigurationName = Release;
		};
		27B12ED6254E204500792F7A /* Build configuration list for PBXNativeTarget "EmployeeRosterTakeTwo" */ = {
			isa = XCConfigurationList;
			buildConfigurations = (
				27B12ED7254E204500792F7A /* Debug */,
				27B12ED8254E204500792F7A /* Release */,
			);
			defaultConfigurationIsVisible = 0;
			defaultConfigurationName = Release;
		};
/* End XCConfigurationList section */
	};
	rootObject = 27B12EBA254E204400792F7A /* Project object */;
}
