// !$*UTF8*$!
{
	archiveVersion = 1;
	classes = {
	};
	objectVersion = 50;
	objects = {

/* Begin PBXBuildFile section */
		27A3FDDD2567203D0090D7FC /* AppDelegate.swift in Sources */ = {isa = PBXBuildFile; fileRef = 27A3FDDC2567203D0090D7FC /* AppDelegate.swift */; };
		27A3FDDF2567203D0090D7FC /* SceneDelegate.swift in Sources */ = {isa = PBXBuildFile; fileRef = 27A3FDDE2567203D0090D7FC /* SceneDelegate.swift */; };
		27A3FDE12567203D0090D7FC /* ViewController.swift in Sources */ = {isa = PBXBuildFile; fileRef = 27A3FDE02567203D0090D7FC /* ViewController.swift */; };
		27A3FDE42567203D0090D7FC /* Main.storyboard in Resources */ = {isa = PBXBuildFile; fileRef = 27A3FDE22567203D0090D7FC /* Main.storyboard */; };
		27A3FDE62567203E0090D7FC /* Assets.xcassets in Resources */ = {isa = PBXBuildFile; fileRef = 27A3FDE52567203E0090D7FC /* Assets.xcassets */; };
		27A3FDE92567203E0090D7FC /* LaunchScreen.storyboard in Resources */ = {isa = PBXBuildFile; fileRef = 27A3FDE72567203E0090D7FC /* LaunchScreen.storyboard */; };
		27A3FDF1256721830090D7FC /* PhotoInfo.swift in Sources */ = {isa = PBXBuildFile; fileRef = 27A3FDF0256721830090D7FC /* PhotoInfo.swift */; };
		27A3FDF3256722310090D7FC /* URL+Helpers.swift in Sources */ = {isa = PBXBuildFile; fileRef = 27A3FDF2256722310090D7FC /* URL+Helpers.swift */; };
		27A3FDF5256723720090D7FC /* PhotoInfoController.swift in Sources */ = {isa = PBXBuildFile; fileRef = 27A3FDF4256723720090D7FC /* PhotoInfoController.swift */; };
/* End PBXBuildFile section */

/* Begin PBXFileReference section */
		27A3FDD92567203D0090D7FC /* SpacePhoto.app */ = {isa = PBXFileReference; explicitFileType = wrapper.application; includeInIndex = 0; path = SpacePhoto.app; sourceTree = BUILT_PRODUCTS_DIR; };
		27A3FDDC2567203D0090D7FC /* AppDelegate.swift */ = {isa = PBXFileReference; lastKnownFileType = sourcecode.swift; path = AppDelegate.swift; sourceTree = "<group>"; };
		27A3FDDE2567203D0090D7FC /* SceneDelegate.swift */ = {isa = PBXFileReference; lastKnownFileType = sourcecode.swift; path = SceneDelegate.swift; sourceTree = "<group>"; };
		27A3FDE02567203D0090D7FC /* ViewController.swift */ = {isa = PBXFileReference; lastKnownFileType = sourcecode.swift; path = ViewController.swift; sourceTree = "<group>"; };
		27A3FDE32567203D0090D7FC /* Base */ = {isa = PBXFileReference; lastKnownFileType = file.storyboard; name = Base; path = Base.lproj/Main.storyboard; sourceTree = "<group>"; };
		27A3FDE52567203E0090D7FC /* Assets.xcassets */ = {isa = PBXFileReference; lastKnownFileType = folder.assetcatalog; path = Assets.xcassets; sourceTree = "<group>"; };
		27A3FDE82567203E0090D7FC /* Base */ = {isa = PBXFileReference; lastKnownFileType = file.storyboard; name = Base; path = Base.lproj/LaunchScreen.storyboard; sourceTree = "<group>"; };
		27A3FDEA2567203E0090D7FC /* Info.plist */ = {isa = PBXFileReference; lastKnownFileType = text.plist.xml; path = Info.plist; sourceTree = "<group>"; };
		27A3FDF0256721830090D7FC /* PhotoInfo.swift */ = {isa = PBXFileReference; lastKnownFileType = sourcecode.swift; path = PhotoInfo.swift; sourceTree = "<group>"; };
		27A3FDF2256722310090D7FC /* URL+Helpers.swift */ = {isa = PBXFileReference; lastKnownFileType = sourcecode.swift; path = "URL+Helpers.swift"; sourceTree = "<group>"; };
		27A3FDF4256723720090D7FC /* PhotoInfoController.swift */ = {isa = PBXFileReference; lastKnownFileType = sourcecode.swift; path = PhotoInfoController.swift; sourceTree = "<group>"; };
/* End PBXFileReference section */

/* Begin PBXFrameworksBuildPhase section */
		27A3FDD62567203D0090D7FC /* Frameworks */ = {
			isa = PBXFrameworksBuildPhase;
			buildActionMask = 2147483647;
			files = (
			);
			runOnlyForDeploymentPostprocessing = 0;
		};
/* End PBXFrameworksBuildPhase section */

/* Begin PBXGroup section */
		27A3FDD02567203C0090D7FC = {
			isa = PBXGroup;
			children = (
				27A3FDDB2567203D0090D7FC /* SpacePhoto */,
				27A3FDDA2567203D0090D7FC /* Products */,
			);
			sourceTree = "<group>";
		};
		27A3FDDA2567203D0090D7FC /* Products */ = {
			isa = PBXGroup;
			children = (
				27A3FDD92567203D0090D7FC /* SpacePhoto.app */,
			);
			name = Products;
			sourceTree = "<group>";
		};
		27A3FDDB2567203D0090D7FC /* SpacePhoto */ = {
			isa = PBXGroup;
			children = (
				27A3FDDC2567203D0090D7FC /* AppDelegate.swift */,
				27A3FDDE2567203D0090D7FC /* SceneDelegate.swift */,
				27A3FDE02567203D0090D7FC /* ViewController.swift */,
				27A3FDE22567203D0090D7FC /* Main.storyboard */,
				27A3FDF0256721830090D7FC /* PhotoInfo.swift */,
				27A3FDF2256722310090D7FC /* URL+Helpers.swift */,
				27A3FDF4256723720090D7FC /* PhotoInfoController.swift */,
				27A3FDE52567203E0090D7FC /* Assets.xcassets */,
				27A3FDE72567203E0090D7FC /* LaunchScreen.storyboard */,
				27A3FDEA2567203E0090D7FC /* Info.plist */,
			);
			path = SpacePhoto;
			sourceTree = "<group>";
		};
/* End PBXGroup section */

/* Begin PBXNativeTarget section */
		27A3FDD82567203D0090D7FC /* SpacePhoto */ = {
			isa = PBXNativeTarget;
			buildConfigurationList = 27A3FDED2567203E0090D7FC /* Build configuration list for PBXNativeTarget "SpacePhoto" */;
			buildPhases = (
				27A3FDD52567203D0090D7FC /* Sources */,
				27A3FDD62567203D0090D7FC /* Frameworks */,
				27A3FDD72567203D0090D7FC /* Resources */,
			);
			buildRules = (
			);
			dependencies = (
			);
			name = SpacePhoto;
			productName = SpacePhoto;
			productReference = 27A3FDD92567203D0090D7FC /* SpacePhoto.app */;
			productType = "com.apple.product-type.application";
		};
/* End PBXNativeTarget section */

/* Begin PBXProject section */
		27A3FDD12567203C0090D7FC /* Project object */ = {
			isa = PBXProject;
			attributes = {
				LastSwiftUpdateCheck = 1140;
				LastUpgradeCheck = 1140;
				ORGANIZATIONNAME = "Janusz Polowczyk";
				TargetAttributes = {
					27A3FDD82567203D0090D7FC = {
						CreatedOnToolsVersion = 11.4.1;
					};
				};
			};
			buildConfigurationList = 27A3FDD42567203C0090D7FC /* Build configuration list for PBXProject "SpacePhoto" */;
			compatibilityVersion = "Xcode 9.3";
			developmentRegion = en;
			hasScannedForEncodings = 0;
			knownRegions = (
				en,
				Base,
			);
			mainGroup = 27A3FDD02567203C0090D7FC;
			productRefGroup = 27A3FDDA2567203D0090D7FC /* Products */;
			projectDirPath = "";
			projectRoot = "";
			targets = (
				27A3FDD82567203D0090D7FC /* SpacePhoto */,
			);
		};
/* End PBXProject section */

/* Begin PBXResourcesBuildPhase section */
		27A3FDD72567203D0090D7FC /* Resources */ = {
			isa = PBXResourcesBuildPhase;
			buildActionMask = 2147483647;
			files = (
				27A3FDE92567203E0090D7FC /* LaunchScreen.storyboard in Resources */,
				27A3FDE62567203E0090D7FC /* Assets.xcassets in Resources */,
				27A3FDE42567203D0090D7FC /* Main.storyboard in Resources */,
			);
			runOnlyForDeploymentPostprocessing = 0;
		};
/* End PBXResourcesBuildPhase section */

/* Begin PBXSourcesBuildPhase section */
		27A3FDD52567203D0090D7FC /* Sources */ = {
			isa = PBXSourcesBuildPhase;
			buildActionMask = 2147483647;
			files = (
				27A3FDF1256721830090D7FC /* PhotoInfo.swift in Sources */,
				27A3FDF3256722310090D7FC /* URL+Helpers.swift in Sources */,
				27A3FDF5256723720090D7FC /* PhotoInfoController.swift in Sources */,
				27A3FDE12567203D0090D7FC /* ViewController.swift in Sources */,
				27A3FDDD2567203D0090D7FC /* AppDelegate.swift in Sources */,
				27A3FDDF2567203D0090D7FC /* SceneDelegate.swift in Sources */,
			);
			runOnlyForDeploymentPostprocessing = 0;
		};
/* End PBXSourcesBuildPhase section */

/* Begin PBXVariantGroup section */
		27A3FDE22567203D0090D7FC /* Main.storyboard */ = {
			isa = PBXVariantGroup;
			children = (
				27A3FDE32567203D0090D7FC /* Base */,
			);
			name = Main.storyboard;
			sourceTree = "<group>";
		};
		27A3FDE72567203E0090D7FC /* LaunchScreen.storyboard */ = {
			isa = PBXVariantGroup;
			children = (
				27A3FDE82567203E0090D7FC /* Base */,
			);
			name = LaunchScreen.storyboard;
			sourceTree = "<group>";
		};
/* End PBXVariantGroup section */

/* Begin XCBuildConfiguration section */
		27A3FDEB2567203E0090D7FC /* Debug */ = {
			isa = XCBuildConfiguration;
			buildSettings = {
				ALWAYS_SEARCH_USER_PATHS = NO;
				CLANG_ANALYZER_NONNULL = YES;
				CLANG_ANALYZER_NUMBER_OBJECT_CONVERSION = YES_AGGRESSIVE;
				CLANG_CXX_LANGUAGE_STANDARD = "gnu++14";
				CLANG_CXX_LIBRARY = "libc++";
				CLANG_ENABLE_MODULES = YES;
				CLANG_ENABLE_OBJC_ARC = YES;
				CLANG_ENABLE_OBJC_WEAK = YES;
				CLANG_WARN_BLOCK_CAPTURE_AUTORELEASING = YES;
				CLANG_WARN_BOOL_CONVERSION = YES;
				CLANG_WARN_COMMA = YES;
				CLANG_WARN_CONSTANT_CONVERSION = YES;
				CLANG_WARN_DEPRECATED_OBJC_IMPLEMENTATIONS = YES;
				CLANG_WARN_DIRECT_OBJC_ISA_USAGE = YES_ERROR;
				CLANG_WARN_DOCUMENTATION_COMMENTS = YES;
				CLANG_WARN_EMPTY_BODY = YES;
				CLANG_WARN_ENUM_CONVERSION = YES;
				CLANG_WARN_INFINITE_RECURSION = YES;
				CLANG_WARN_INT_CONVERSION = YES;
				CLANG_WARN_NON_LITERAL_NULL_CONVERSION = YES;
				CLANG_WARN_OBJC_IMPLICIT_RETAIN_SELF = YES;
				CLANG_WARN_OBJC_LITERAL_CONVERSION = YES;
				CLANG_WARN_OBJC_ROOT_CLASS = YES_ERROR;
				CLANG_WARN_RANGE_LOOP_ANALYSIS = YES;
				CLANG_WARN_STRICT_PROTOTYPES = YES;
				CLANG_WARN_SUSPICIOUS_MOVE = YES;
				CLANG_WARN_UNGUARDED_AVAILABILITY = YES_AGGRESSIVE;
				CLANG_WARN_UNREACHABLE_CODE = YES;
				CLANG_WARN__DUPLICATE_METHOD_MATCH = YES;
				COPY_PHASE_STRIP = NO;
				DEBUG_INFORMATION_FORMAT = dwarf;
				ENABLE_STRICT_OBJC_MSGSEND = YES;
				ENABLE_TESTABILITY = YES;
				GCC_C_LANGUAGE_STANDARD = gnu11;
				GCC_DYNAMIC_NO_PIC = NO;
				GCC_NO_COMMON_BLOCKS = YES;
				GCC_OPTIMIZATION_LEVEL = 0;
				GCC_PREPROCESSOR_DEFINITIONS = (
					"DEBUG=1",
					"$(inherited)",
				);
				GCC_WARN_64_TO_32_BIT_CONVERSION = YES;
				GCC_WARN_ABOUT_RETURN_TYPE = YES_ERROR;
				GCC_WARN_UNDECLARED_SELECTOR = YES;
				GCC_WARN_UNINITIALIZED_AUTOS = YES_AGGRESSIVE;
				GCC_WARN_UNUSED_FUNCTION = YES;
				GCC_WARN_UNUSED_VARIABLE = YES;
				IPHONEOS_DEPLOYMENT_TARGET = 13.4;
				MTL_ENABLE_DEBUG_INFO = INCLUDE_SOURCE;
				MTL_FAST_MATH = YES;
				ONLY_ACTIVE_ARCH = YES;
				SDKROOT = iphoneos;
				SWIFT_ACTIVE_COMPILATION_CONDITIONS = DEBUG;
				SWIFT_OPTIMIZATION_LEVEL = "-Onone";
			};
			name = Debug;
		};
		27A3FDEC2567203E0090D7FC /* Release */ = {
			isa = XCBuildConfiguration;
			buildSettings = {
				ALWAYS_SEARCH_USER_PATHS = NO;
				CLANG_ANALYZER_NONNULL = YES;
				CLANG_ANALYZER_NUMBER_OBJECT_CONVERSION = YES_AGGRESSIVE;
				CLANG_CXX_LANGUAGE_STANDARD = "gnu++14";
				CLANG_CXX_LIBRARY = "libc++";
				CLANG_ENABLE_MODULES = YES;
				CLANG_ENABLE_OBJC_ARC = YES;
				CLANG_ENABLE_OBJC_WEAK = YES;
				CLANG_WARN_BLOCK_CAPTURE_AUTORELEASING = YES;
				CLANG_WARN_BOOL_CONVERSION = YES;
				CLANG_WARN_COMMA = YES;
				CLANG_WARN_CONSTANT_CONVERSION = YES;
				CLANG_WARN_DEPRECATED_OBJC_IMPLEMENTATIONS = YES;
				CLANG_WARN_DIRECT_OBJC_ISA_USAGE = YES_ERROR;
				CLANG_WARN_DOCUMENTATION_COMMENTS = YES;
				CLANG_WARN_EMPTY_BODY = YES;
				CLANG_WARN_ENUM_CONVERSION = YES;
				CLANG_WARN_INFINITE_RECURSION = YES;
				CLANG_WARN_INT_CONVERSION = YES;
				CLANG_WARN_NON_LITERAL_NULL_CONVERSION = YES;
				CLANG_WARN_OBJC_IMPLICIT_RETAIN_SELF = YES;
				CLANG_WARN_OBJC_LITERAL_CONVERSION = YES;
				CLANG_WARN_OBJC_ROOT_CLASS = YES_ERROR;
				CLANG_WARN_RANGE_LOOP_ANALYSIS = YES;
				CLANG_WARN_STRICT_PROTOTYPES = YES;
				CLANG_WARN_SUSPICIOUS_MOVE = YES;
				CLANG_WARN_UNGUARDED_AVAILABILITY = YES_AGGRESSIVE;
				CLANG_WARN_UNREACHABLE_CODE = YES;
				CLANG_WARN__DUPLICATE_METHOD_MATCH = YES;
				COPY_PHASE_STRIP = NO;
				DEBUG_INFORMATION_FORMAT = "dwarf-with-dsym";
				ENABLE_NS_ASSERTIONS = NO;
				ENABLE_STRICT_OBJC_MSGSEND = YES;
				GCC_C_LANGUAGE_STANDARD = gnu11;
				GCC_NO_COMMON_BLOCKS = YES;
				GCC_WARN_64_TO_32_BIT_CONVERSION = YES;
				GCC_WARN_ABOUT_RETURN_TYPE = YES_ERROR;
				GCC_WARN_UNDECLARED_SELECTOR = YES;
				GCC_WARN_UNINITIALIZED_AUTOS = YES_AGGRESSIVE;
				GCC_WARN_UNUSED_FUNCTION = YES;
				GCC_WARN_UNUSED_VARIABLE = YES;
				IPHONEOS_DEPLOYMENT_TARGET = 13.4;
				MTL_ENABLE_DEBUG_INFO = NO;
				MTL_FAST_MATH = YES;
				SDKROOT = iphoneos;
				SWIFT_COMPILATION_MODE = wholemodule;
				SWIFT_OPTIMIZATION_LEVEL = "-O";
				VALIDATE_PRODUCT = YES;
			};
			name = Release;
		};
		27A3FDEE2567203E0090D7FC /* Debug */ = {
			isa = XCBuildConfiguration;
			buildSettings = {
				ASSETCATALOG_COMPILER_APPICON_NAME = AppIcon;
				CODE_SIGN_STYLE = Automatic;
				INFOPLIST_FILE = SpacePhoto/Info.plist;
				LD_RUNPATH_SEARCH_PATHS = (
					"$(inherited)",
					"@executable_path/Frameworks",
				);
				PRODUCT_BUNDLE_IDENTIFIER = com.januszpolowczyk.SpacePhoto;
				PRODUCT_NAME = "$(TARGET_NAME)";
				SWIFT_VERSION = 5.0;
				TARGETED_DEVICE_FAMILY = "1,2";
			};
			name = Debug;
		};
		27A3FDEF2567203E0090D7FC /* Release */ = {
			isa = XCBuildConfiguration;
			buildSettings = {
				ASSETCATALOG_COMPILER_APPICON_NAME = AppIcon;
				CODE_SIGN_STYLE = Automatic;
				INFOPLIST_FILE = SpacePhoto/Info.plist;
				LD_RUNPATH_SEARCH_PATHS = (
					"$(inherited)",
					"@executable_path/Frameworks",
				);
				PRODUCT_BUNDLE_IDENTIFIER = com.januszpolowczyk.SpacePhoto;
				PRODUCT_NAME = "$(TARGET_NAME)";
				SWIFT_VERSION = 5.0;
				TARGETED_DEVICE_FAMILY = "1,2";
			};
			name = Release;
		};
/* End XCBuildConfiguration section */

/* Begin XCConfigurationList section */
		27A3FDD42567203C0090D7FC /* Build configuration list for PBXProject "SpacePhoto" */ = {
			isa = XCConfigurationList;
			buildConfigurations = (
				27A3FDEB2567203E0090D7FC /* Debug */,
				27A3FDEC2567203E0090D7FC /* Release */,
			);
			defaultConfigurationIsVisible = 0;
			defaultConfigurationName = Release;
		};
		27A3FDED2567203E0090D7FC /* Build configuration list for PBXNativeTarget "SpacePhoto" */ = {
			isa = XCConfigurationList;
			buildConfigurations = (
				27A3FDEE2567203E0090D7FC /* Debug */,
				27A3FDEF2567203E0090D7FC /* Release */,
			);
			defaultConfigurationIsVisible = 0;
			defaultConfigurationName = Release;
		};
/* End XCConfigurationList section */
	};
	rootObject = 27A3FDD12567203C0090D7FC /* Project object */;
}
